
Microsoft Visual Studio Solution File, Format Version 12.00
# Visual Studio Version 16
VisualStudioVersion = 16.0.30114.105
MinimumVisualStudioVersion = 10.0.40219.1
Project("{FAE04EC0-301F-11D3-BF4B-00C04F79EFBC}") = "API", "API\API.csproj", "{8471D148-F46F-41F2-A1E2-04200D66B832}"
EndProject
Project("{FAE04EC0-301F-11D3-BF4B-00C04F79EFBC}") = "Application", "Application\Application.csproj", "{EADC1B98-ABEB-4393-91DF-E301968939DD}"
EndProject
Project("{FAE04EC0-301F-11D3-BF4B-00C04F79EFBC}") = "Persistence", "Persistence\Persistence.csproj", "{206E36D8-5FAE-4CEF-A215-DE1FF5341263}"
EndProject
Project("{FAE04EC0-301F-11D3-BF4B-00C04F79EFBC}") = "Domain", "Domain\Domain.csproj", "{17D842AC-19D8-4C14-8616-6DA1FBA6C11A}"
EndProject
Global
	GlobalSection(SolutionConfigurationPlatforms) = preSolution
		Debug|Any CPU = Debug|Any CPU
		Debug|x64 = Debug|x64
		Debug|x86 = Debug|x86
		Release|Any CPU = Release|Any CPU
		Release|x64 = Release|x64
		Release|x86 = Release|x86
	EndGlobalSection
	GlobalSection(SolutionProperties) = preSolution
		HideSolutionNode = FALSE
	EndGlobalSection
	GlobalSection(ProjectConfigurationPlatforms) = postSolution
		{8471D148-F46F-41F2-A1E2-04200D66B832}.Debug|Any CPU.ActiveCfg = Debug|Any CPU
		{8471D148-F46F-41F2-A1E2-04200D66B832}.Debug|Any CPU.Build.0 = Debug|Any CPU
		{8471D148-F46F-41F2-A1E2-04200D66B832}.Debug|x64.ActiveCfg = Debug|Any CPU
		{8471D148-F46F-41F2-A1E2-04200D66B832}.Debug|x64.Build.0 = Debug|Any CPU
		{8471D148-F46F-41F2-A1E2-04200D66B832}.Debug|x86.ActiveCfg = Debug|Any CPU
		{8471D148-F46F-41F2-A1E2-04200D66B832}.Debug|x86.Build.0 = Debug|Any CPU
		{8471D148-F46F-41F2-A1E2-04200D66B832}.Release|Any CPU.ActiveCfg = Release|Any CPU
		{8471D148-F46F-41F2-A1E2-04200D66B832}.Release|Any CPU.Build.0 = Release|Any CPU
		{8471D148-F46F-41F2-A1E2-04200D66B832}.Release|x64.ActiveCfg = Release|Any CPU
		{8471D148-F46F-41F2-A1E2-04200D66B832}.Release|x64.Build.0 = Release|Any CPU
		{8471D148-F46F-41F2-A1E2-04200D66B832}.Release|x86.ActiveCfg = Release|Any CPU
		{8471D148-F46F-41F2-A1E2-04200D66B832}.Release|x86.Build.0 = Release|Any CPU
		{EADC1B98-ABEB-4393-91DF-E301968939DD}.Debug|Any CPU.ActiveCfg = Debug|Any CPU
		{EADC1B98-ABEB-4393-91DF-E301968939DD}.Debug|Any CPU.Build.0 = Debug|Any CPU
		{EADC1B98-ABEB-4393-91DF-E301968939DD}.Debug|x64.ActiveCfg = Debug|Any CPU
		{EADC1B98-ABEB-4393-91DF-E301968939DD}.Debug|x64.Build.0 = Debug|Any CPU
		{EADC1B98-ABEB-4393-91DF-E301968939DD}.Debug|x86.ActiveCfg = Debug|Any CPU
		{EADC1B98-ABEB-4393-91DF-E301968939DD}.Debug|x86.Build.0 = Debug|Any CPU
		{EADC1B98-ABEB-4393-91DF-E301968939DD}.Release|Any CPU.ActiveCfg = Release|Any CPU
		{EADC1B98-ABEB-4393-91DF-E301968939DD}.Release|Any CPU.Build.0 = Release|Any CPU
		{EADC1B98-ABEB-4393-91DF-E301968939DD}.Release|x64.ActiveCfg = Release|Any CPU
		{EADC1B98-ABEB-4393-91DF-E301968939DD}.Release|x64.Build.0 = Release|Any CPU
		{EADC1B98-ABEB-4393-91DF-E301968939DD}.Release|x86.ActiveCfg = Release|Any CPU
		{EADC1B98-ABEB-4393-91DF-E301968939DD}.Release|x86.Build.0 = Release|Any CPU
		{206E36D8-5FAE-4CEF-A215-DE1FF5341263}.Debug|Any CPU.ActiveCfg = Debug|Any CPU
		{206E36D8-5FAE-4CEF-A215-DE1FF5341263}.Debug|Any CPU.Build.0 = Debug|Any CPU
		{206E36D8-5FAE-4CEF-A215-DE1FF5341263}.Debug|x64.ActiveCfg = Debug|Any CPU
		{206E36D8-5FAE-4CEF-A215-DE1FF5341263}.Debug|x64.Build.0 = Debug|Any CPU
		{206E36D8-5FAE-4CEF-A215-DE1FF5341263}.Debug|x86.ActiveCfg = Debug|Any CPU
		{206E36D8-5FAE-4CEF-A215-DE1FF5341263}.Debug|x86.Build.0 = Debug|Any CPU
		{206E36D8-5FAE-4CEF-A215-DE1FF5341263}.Release|Any CPU.ActiveCfg = Release|Any CPU
		{206E36D8-5FAE-4CEF-A215-DE1FF5341263}.Release|Any CPU.Build.0 = Release|Any CPU
		{206E36D8-5FAE-4CEF-A215-DE1FF5341263}.Release|x64.ActiveCfg = Release|Any CPU
		{206E36D8-5FAE-4CEF-A215-DE1FF5341263}.Release|x64.Build.0 = Release|Any CPU
		{206E36D8-5FAE-4CEF-A215-DE1FF5341263}.Release|x86.ActiveCfg = Release|Any CPU
		{206E36D8-5FAE-4CEF-A215-DE1FF5341263}.Release|x86.Build.0 = Release|Any CPU
		{17D842AC-19D8-4C14-8616-6DA1FBA6C11A}.Debug|Any CPU.ActiveCfg = Debug|Any CPU
		{17D842AC-19D8-4C14-8616-6DA1FBA6C11A}.Debug|Any CPU.Build.0 = Debug|Any CPU
		{17D842AC-19D8-4C14-8616-6DA1FBA6C11A}.Debug|x64.ActiveCfg = Debug|Any CPU
		{17D842AC-19D8-4C14-8616-6DA1FBA6C11A}.Debug|x64.Build.0 = Debug|Any CPU
		{17D842AC-19D8-4C14-8616-6DA1FBA6C11A}.Debug|x86.ActiveCfg = Debug|Any CPU
		{17D842AC-19D8-4C14-8616-6DA1FBA6C11A}.Debug|x86.Build.0 = Debug|Any CPU
		{17D842AC-19D8-4C14-8616-6DA1FBA6C11A}.Release|Any CPU.ActiveCfg = Release|Any CPU
		{17D842AC-19D8-4C14-8616-6DA1FBA6C11A}.Release|Any CPU.Build.0 = Release|Any CPU
		{17D842AC-19D8-4C14-8616-6DA1FBA6C11A}.Release|x64.ActiveCfg = Release|Any CPU
		{17D842AC-19D8-4C14-8616-6DA1FBA6C11A}.Release|x64.Build.0 = Release|Any CPU
		{17D842AC-19D8-4C14-8616-6DA1FBA6C11A}.Release|x86.ActiveCfg = Release|Any CPU
		{17D842AC-19D8-4C14-8616-6DA1FBA6C11A}.Release|x86.Build.0 = Release|Any CPU
	EndGlobalSection
EndGlobal
